
Microsoft Visual Studio Solution File, Format Version 12.00
# Visual Studio Version 17
VisualStudioVersion = 17.5.33502.453
MinimumVisualStudioVersion = 10.0.40219.1
Project("{9A19103F-16F7-4668-BE54-9A1E7A4F7556}") = "Tournois_Gamer_BlazorServer", "Tournois_Gamer_BlazorServer\Tournois_Gamer_BlazorServer.csproj", "{A463856E-586C-4EB8-AFFD-C26DA86CB471}"
EndProject
Project("{FAE04EC0-301F-11D3-BF4B-00C04F79EFBC}") = "Tournois_Gamer_BlazorServerTest", "Tournois_Gamer_BlazorServerTest\Tournois_Gamer_BlazorServerTest.csproj", "{8F2B2732-D856-4D6E-8D62-E101B8AC248E}"
EndProject
Global
	GlobalSection(SolutionConfigurationPlatforms) = preSolution
		Debug|Any CPU = Debug|Any CPU
		Release|Any CPU = Release|Any CPU
	EndGlobalSection
	GlobalSection(ProjectConfigurationPlatforms) = postSolution
		{A463856E-586C-4EB8-AFFD-C26DA86CB471}.Debug|Any CPU.ActiveCfg = Debug|Any CPU
		{A463856E-586C-4EB8-AFFD-C26DA86CB471}.Debug|Any CPU.Build.0 = Debug|Any CPU
		{A463856E-586C-4EB8-AFFD-C26DA86CB471}.Release|Any CPU.ActiveCfg = Release|Any CPU
		{A463856E-586C-4EB8-AFFD-C26DA86CB471}.Release|Any CPU.Build.0 = Release|Any CPU
		{8F2B2732-D856-4D6E-8D62-E101B8AC248E}.Debug|Any CPU.ActiveCfg = Debug|Any CPU
		{8F2B2732-D856-4D6E-8D62-E101B8AC248E}.Debug|Any CPU.Build.0 = Debug|Any CPU
		{8F2B2732-D856-4D6E-8D62-E101B8AC248E}.Release|Any CPU.ActiveCfg = Release|Any CPU
		{8F2B2732-D856-4D6E-8D62-E101B8AC248E}.Release|Any CPU.Build.0 = Release|Any CPU
	EndGlobalSection
	GlobalSection(SolutionProperties) = preSolution
		HideSolutionNode = FALSE
	EndGlobalSection
	GlobalSection(ExtensibilityGlobals) = postSolution
		SolutionGuid = {9A38E907-9533-4B8E-A996-167CCF658D8D}
	EndGlobalSection
EndGlobal
